
Microsoft Visual Studio Solution File, Format Version 11.00
# Visual Studio 2010
Project("{8BC9CEB8-8B4A-11D0-8D11-00A0C91BC942}") = "fontue", "fontue.vcxproj", "{0B503E23-FB3F-4A33-92B4-F1F73B17BAD1}"
EndProject
Global
	GlobalSection(SolutionConfigurationPlatforms) = preSolution
		Debug|x64 = Debug|x64
		Release|x64 = Release|x64
	EndGlobalSection
	GlobalSection(ProjectConfigurationPlatforms) = postSolution
		{0B503E23-FB3F-4A33-92B4-F1F73B17BAD1}.Debug|x64.ActiveCfg = Debug|x64
		{0B503E23-FB3F-4A33-92B4-F1F73B17BAD1}.Debug|x64.Build.0 = Debug|x64
		{0B503E23-FB3F-4A33-92B4-F1F73B17BAD1}.Release|x64.ActiveCfg = Release|x64
		{0B503E23-FB3F-4A33-92B4-F1F73B17BAD1}.Release|x64.Build.0 = Release|x64
	EndGlobalSection
	GlobalSection(SolutionProperties) = preSolution
		HideSolutionNode = FALSE
	EndGlobalSection
EndGlobal
