
Microsoft Visual Studio Solution File, Format Version 11.00
# Visual Studio 2010
Project("{8BC9CEB8-8B4A-11D0-8D11-00A0C91BC942}") = "bin2c", "bin2c.vcxproj", "{BFCC6DC8-91A5-4878-83CB-4BEF775770F5}"
EndProject
Global
	GlobalSection(SolutionConfigurationPlatforms) = preSolution
		Debug|Win32 = Debug|Win32
		Release|Win32 = Release|Win32
	EndGlobalSection
	GlobalSection(ProjectConfigurationPlatforms) = postSolution
		{BFCC6DC8-91A5-4878-83CB-4BEF775770F5}.Debug|Win32.ActiveCfg = Debug|Win32
		{BFCC6DC8-91A5-4878-83CB-4BEF775770F5}.Debug|Win32.Build.0 = Debug|Win32
		{BFCC6DC8-91A5-4878-83CB-4BEF775770F5}.Release|Win32.ActiveCfg = Release|Win32
		{BFCC6DC8-91A5-4878-83CB-4BEF775770F5}.Release|Win32.Build.0 = Release|Win32
	EndGlobalSection
	GlobalSection(SolutionProperties) = preSolution
		HideSolutionNode = FALSE
	EndGlobalSection
EndGlobal
